
Microsoft Visual Studio Solution File, Format Version 12.00
# Visual Studio Version 17
VisualStudioVersion = 17.4.33403.182
MinimumVisualStudioVersion = 10.0.40219.1
Project("{FAE04EC0-301F-11D3-BF4B-00C04F79EFBC}") = "välj_nummer", "välj_nummer.csproj", "{70E910C2-CC21-4097-B0F3-23CE9EC30F19}"
EndProject
Global
	GlobalSection(SolutionConfigurationPlatforms) = preSolution
		Debug|Any CPU = Debug|Any CPU
		Release|Any CPU = Release|Any CPU
	EndGlobalSection
	GlobalSection(ProjectConfigurationPlatforms) = postSolution
		{70E910C2-CC21-4097-B0F3-23CE9EC30F19}.Debug|Any CPU.ActiveCfg = Debug|Any CPU
		{70E910C2-CC21-4097-B0F3-23CE9EC30F19}.Debug|Any CPU.Build.0 = Debug|Any CPU
		{70E910C2-CC21-4097-B0F3-23CE9EC30F19}.Release|Any CPU.ActiveCfg = Release|Any CPU
		{70E910C2-CC21-4097-B0F3-23CE9EC30F19}.Release|Any CPU.Build.0 = Release|Any CPU
	EndGlobalSection
	GlobalSection(SolutionProperties) = preSolution
		HideSolutionNode = FALSE
	EndGlobalSection
	GlobalSection(ExtensibilityGlobals) = postSolution
		SolutionGuid = {237F3493-8000-4AB3-BCF6-2F79FACA9545}
	EndGlobalSection
EndGlobal
